
Microsoft Visual Studio Solution File, Format Version 12.00
# Visual Studio Version 17
VisualStudioVersion = 17.0.31912.275
MinimumVisualStudioVersion = 10.0.40219.1
Project("{FAE04EC0-301F-11D3-BF4B-00C04F79EFBC}") = "PnU_Website", "PnU_Website.csproj", "{2CC18C77-EAFA-4300-9855-E7422FFF487D}"
EndProject
Global
	GlobalSection(SolutionConfigurationPlatforms) = preSolution
		Debug|Any CPU = Debug|Any CPU
		Release|Any CPU = Release|Any CPU
	EndGlobalSection
	GlobalSection(ProjectConfigurationPlatforms) = postSolution
		{2CC18C77-EAFA-4300-9855-E7422FFF487D}.Debug|Any CPU.ActiveCfg = Debug|Any CPU
		{2CC18C77-EAFA-4300-9855-E7422FFF487D}.Debug|Any CPU.Build.0 = Debug|Any CPU
		{2CC18C77-EAFA-4300-9855-E7422FFF487D}.Release|Any CPU.ActiveCfg = Release|Any CPU
		{2CC18C77-EAFA-4300-9855-E7422FFF487D}.Release|Any CPU.Build.0 = Release|Any CPU
	EndGlobalSection
	GlobalSection(SolutionProperties) = preSolution
		HideSolutionNode = FALSE
	EndGlobalSection
	GlobalSection(ExtensibilityGlobals) = postSolution
		SolutionGuid = {E7DA1303-1D7C-4C1F-B08A-C57879FF5524}
	EndGlobalSection
EndGlobal
